
Microsoft Visual Studio Solution File, Format Version 12.00
# Visual Studio Version 17
VisualStudioVersion = 17.12.35506.116
MinimumVisualStudioVersion = 10.0.40219.1
Project("{FAE04EC0-301F-11D3-BF4B-00C04F79EFBC}") = "TlsClient.Core", "src\TlsClient.Core\TlsClient.Core.csproj", "{076F3A17-9860-466D-8F6E-42C60FB40868}"
EndProject
Project("{2150E333-8FDC-42A3-9474-1A3956D46DE8}") = "src", "src", "{4D0DFB67-95DB-4327-85D7-553D002EE28A}"
EndProject
Project("{2150E333-8FDC-42A3-9474-1A3956D46DE8}") = "examples", "examples", "{4AE04384-B80E-4D12-99EF-E759FF8D862C}"
EndProject
Project("{FAE04EC0-301F-11D3-BF4B-00C04F79EFBC}") = "TlsClient.Native.Examples.Console", "examples\TlsClient.Native.Examples.Console\TlsClient.Native.Examples.Console.csproj", "{EEF1967F-3CB1-4582-A51E-19F3FB3CE082}"
EndProject
Project("{2150E333-8FDC-42A3-9474-1A3956D46DE8}") = "tests", "tests", "{F245E407-5E9D-427E-98C8-D79116882421}"
EndProject
Project("{FAE04EC0-301F-11D3-BF4B-00C04F79EFBC}") = "TlsClient.Native.Tests", "tests\TlsClient.Native.Tests\TlsClient.Native.Tests.csproj", "{8F62A4F6-12A9-474A-8FCC-7406914D61F4}"
EndProject
Project("{FAE04EC0-301F-11D3-BF4B-00C04F79EFBC}") = "TlsClient.Provider.HttpClient", "src\Providers\TlsClient.Provider.HttpClient\TlsClient.Provider.HttpClient.csproj", "{9AD2B9E9-6673-429B-9529-DE1DC3C908DD}"
EndProject
Project("{FAE04EC0-301F-11D3-BF4B-00C04F79EFBC}") = "TlsClient.Provider.RestSharp", "src\Providers\TlsClient.Provider.RestSharp\TlsClient.Provider.RestSharp.csproj", "{83545248-93D3-46F0-84E2-29CE0EFE5392}"
EndProject
Project("{FAE04EC0-301F-11D3-BF4B-00C04F79EFBC}") = "TlsClient.Native.RestSharp.Tests", "tests\TlsClient.Native.RestSharp.Tests\TlsClient.Native.RestSharp.Tests.csproj", "{F80138C1-13C4-4AA6-8A87-D3B4D8C19E5C}"
EndProject
Project("{2150E333-8FDC-42A3-9474-1A3956D46DE8}") = "native", "native", "{B5B1A5B5-8E6B-4D41-829E-D03869B3E5B3}"
EndProject
Project("{FAE04EC0-301F-11D3-BF4B-00C04F79EFBC}") = "TlsClient.Native", "src\TlsClient.Native\TlsClient.Native.csproj", "{05010C48-E981-4D7A-A880-D47D34671326}"
EndProject
Project("{2150E333-8FDC-42A3-9474-1A3956D46DE8}") = "Providers", "Providers", "{02EA681E-C7D8-13C7-8484-4AC65E1B71E8}"
EndProject
Project("{FAE04EC0-301F-11D3-BF4B-00C04F79EFBC}") = "TlsClient.Api", "src\TlsClient.Api\TlsClient.Api.csproj", "{5AB20F70-E8D0-420F-9F03-C55D1E1B7E9B}"
EndProject
Project("{FAE04EC0-301F-11D3-BF4B-00C04F79EFBC}") = "TlsClient.Api.Examples.Console", "examples\TlsClient.Api.Examples.Console\TlsClient.Api.Examples.Console.csproj", "{67892107-31C5-4EBC-9DF4-3B7619EBDC0C}"
EndProject
Project("{FAE04EC0-301F-11D3-BF4B-00C04F79EFBC}") = "TlsClient.Api.Tests", "tests\TlsClient.Api.Tests\TlsClient.Api.Tests.csproj", "{82099550-4FC3-4F5A-BA12-4D78A04EC170}"
EndProject
Project("{FAE04EC0-301F-11D3-BF4B-00C04F79EFBC}") = "TlsClient.Api.RestSharp.Tests", "tests\TlsClient.Api.RestSharp.Tests\TlsClient.Api.RestSharp.Tests.csproj", "{20D39034-5596-49B5-8F1A-8C644505D32E}"
EndProject
Global
	GlobalSection(SolutionConfigurationPlatforms) = preSolution
		Debug|Any CPU = Debug|Any CPU
		Debug|x64 = Debug|x64
		Release|Any CPU = Release|Any CPU
		Release|x64 = Release|x64
	EndGlobalSection
	GlobalSection(ProjectConfigurationPlatforms) = postSolution
		{076F3A17-9860-466D-8F6E-42C60FB40868}.Debug|Any CPU.ActiveCfg = Debug|Any CPU
		{076F3A17-9860-466D-8F6E-42C60FB40868}.Debug|Any CPU.Build.0 = Debug|Any CPU
		{076F3A17-9860-466D-8F6E-42C60FB40868}.Debug|x64.ActiveCfg = Debug|Any CPU
		{076F3A17-9860-466D-8F6E-42C60FB40868}.Debug|x64.Build.0 = Debug|Any CPU
		{076F3A17-9860-466D-8F6E-42C60FB40868}.Release|Any CPU.ActiveCfg = Release|Any CPU
		{076F3A17-9860-466D-8F6E-42C60FB40868}.Release|Any CPU.Build.0 = Release|Any CPU
		{076F3A17-9860-466D-8F6E-42C60FB40868}.Release|x64.ActiveCfg = Release|Any CPU
		{076F3A17-9860-466D-8F6E-42C60FB40868}.Release|x64.Build.0 = Release|Any CPU
		{EEF1967F-3CB1-4582-A51E-19F3FB3CE082}.Debug|Any CPU.ActiveCfg = Debug|Any CPU
		{EEF1967F-3CB1-4582-A51E-19F3FB3CE082}.Debug|Any CPU.Build.0 = Debug|Any CPU
		{EEF1967F-3CB1-4582-A51E-19F3FB3CE082}.Debug|x64.ActiveCfg = Debug|x64
		{EEF1967F-3CB1-4582-A51E-19F3FB3CE082}.Debug|x64.Build.0 = Debug|x64
		{EEF1967F-3CB1-4582-A51E-19F3FB3CE082}.Release|Any CPU.ActiveCfg = Release|Any CPU
		{EEF1967F-3CB1-4582-A51E-19F3FB3CE082}.Release|Any CPU.Build.0 = Release|Any CPU
		{EEF1967F-3CB1-4582-A51E-19F3FB3CE082}.Release|x64.ActiveCfg = Release|x64
		{EEF1967F-3CB1-4582-A51E-19F3FB3CE082}.Release|x64.Build.0 = Release|x64
		{8F62A4F6-12A9-474A-8FCC-7406914D61F4}.Debug|Any CPU.ActiveCfg = Debug|Any CPU
		{8F62A4F6-12A9-474A-8FCC-7406914D61F4}.Debug|Any CPU.Build.0 = Debug|Any CPU
		{8F62A4F6-12A9-474A-8FCC-7406914D61F4}.Debug|x64.ActiveCfg = Debug|Any CPU
		{8F62A4F6-12A9-474A-8FCC-7406914D61F4}.Debug|x64.Build.0 = Debug|Any CPU
		{8F62A4F6-12A9-474A-8FCC-7406914D61F4}.Release|Any CPU.ActiveCfg = Release|Any CPU
		{8F62A4F6-12A9-474A-8FCC-7406914D61F4}.Release|Any CPU.Build.0 = Release|Any CPU
		{8F62A4F6-12A9-474A-8FCC-7406914D61F4}.Release|x64.ActiveCfg = Release|Any CPU
		{8F62A4F6-12A9-474A-8FCC-7406914D61F4}.Release|x64.Build.0 = Release|Any CPU
		{9AD2B9E9-6673-429B-9529-DE1DC3C908DD}.Debug|Any CPU.ActiveCfg = Debug|Any CPU
		{9AD2B9E9-6673-429B-9529-DE1DC3C908DD}.Debug|Any CPU.Build.0 = Debug|Any CPU
		{9AD2B9E9-6673-429B-9529-DE1DC3C908DD}.Debug|x64.ActiveCfg = Debug|Any CPU
		{9AD2B9E9-6673-429B-9529-DE1DC3C908DD}.Debug|x64.Build.0 = Debug|Any CPU
		{9AD2B9E9-6673-429B-9529-DE1DC3C908DD}.Release|Any CPU.ActiveCfg = Release|Any CPU
		{9AD2B9E9-6673-429B-9529-DE1DC3C908DD}.Release|Any CPU.Build.0 = Release|Any CPU
		{9AD2B9E9-6673-429B-9529-DE1DC3C908DD}.Release|x64.ActiveCfg = Release|Any CPU
		{9AD2B9E9-6673-429B-9529-DE1DC3C908DD}.Release|x64.Build.0 = Release|Any CPU
		{83545248-93D3-46F0-84E2-29CE0EFE5392}.Debug|Any CPU.ActiveCfg = Debug|Any CPU
		{83545248-93D3-46F0-84E2-29CE0EFE5392}.Debug|Any CPU.Build.0 = Debug|Any CPU
		{83545248-93D3-46F0-84E2-29CE0EFE5392}.Debug|x64.ActiveCfg = Debug|Any CPU
		{83545248-93D3-46F0-84E2-29CE0EFE5392}.Debug|x64.Build.0 = Debug|Any CPU
		{83545248-93D3-46F0-84E2-29CE0EFE5392}.Release|Any CPU.ActiveCfg = Release|Any CPU
		{83545248-93D3-46F0-84E2-29CE0EFE5392}.Release|Any CPU.Build.0 = Release|Any CPU
		{83545248-93D3-46F0-84E2-29CE0EFE5392}.Release|x64.ActiveCfg = Release|Any CPU
		{83545248-93D3-46F0-84E2-29CE0EFE5392}.Release|x64.Build.0 = Release|Any CPU
		{F80138C1-13C4-4AA6-8A87-D3B4D8C19E5C}.Debug|Any CPU.ActiveCfg = Debug|Any CPU
		{F80138C1-13C4-4AA6-8A87-D3B4D8C19E5C}.Debug|Any CPU.Build.0 = Debug|Any CPU
		{F80138C1-13C4-4AA6-8A87-D3B4D8C19E5C}.Debug|x64.ActiveCfg = Debug|Any CPU
		{F80138C1-13C4-4AA6-8A87-D3B4D8C19E5C}.Debug|x64.Build.0 = Debug|Any CPU
		{F80138C1-13C4-4AA6-8A87-D3B4D8C19E5C}.Release|Any CPU.ActiveCfg = Release|Any CPU
		{F80138C1-13C4-4AA6-8A87-D3B4D8C19E5C}.Release|Any CPU.Build.0 = Release|Any CPU
		{F80138C1-13C4-4AA6-8A87-D3B4D8C19E5C}.Release|x64.ActiveCfg = Release|Any CPU
		{F80138C1-13C4-4AA6-8A87-D3B4D8C19E5C}.Release|x64.Build.0 = Release|Any CPU
		{05010C48-E981-4D7A-A880-D47D34671326}.Debug|Any CPU.ActiveCfg = Debug|Any CPU
		{05010C48-E981-4D7A-A880-D47D34671326}.Debug|Any CPU.Build.0 = Debug|Any CPU
		{05010C48-E981-4D7A-A880-D47D34671326}.Debug|x64.ActiveCfg = Debug|Any CPU
		{05010C48-E981-4D7A-A880-D47D34671326}.Debug|x64.Build.0 = Debug|Any CPU
		{05010C48-E981-4D7A-A880-D47D34671326}.Release|Any CPU.ActiveCfg = Release|Any CPU
		{05010C48-E981-4D7A-A880-D47D34671326}.Release|Any CPU.Build.0 = Release|Any CPU
		{05010C48-E981-4D7A-A880-D47D34671326}.Release|x64.ActiveCfg = Release|Any CPU
		{05010C48-E981-4D7A-A880-D47D34671326}.Release|x64.Build.0 = Release|Any CPU
		{5AB20F70-E8D0-420F-9F03-C55D1E1B7E9B}.Debug|Any CPU.ActiveCfg = Debug|Any CPU
		{5AB20F70-E8D0-420F-9F03-C55D1E1B7E9B}.Debug|Any CPU.Build.0 = Debug|Any CPU
		{5AB20F70-E8D0-420F-9F03-C55D1E1B7E9B}.Debug|x64.ActiveCfg = Debug|Any CPU
		{5AB20F70-E8D0-420F-9F03-C55D1E1B7E9B}.Debug|x64.Build.0 = Debug|Any CPU
		{5AB20F70-E8D0-420F-9F03-C55D1E1B7E9B}.Release|Any CPU.ActiveCfg = Release|Any CPU
		{5AB20F70-E8D0-420F-9F03-C55D1E1B7E9B}.Release|Any CPU.Build.0 = Release|Any CPU
		{5AB20F70-E8D0-420F-9F03-C55D1E1B7E9B}.Release|x64.ActiveCfg = Release|Any CPU
		{5AB20F70-E8D0-420F-9F03-C55D1E1B7E9B}.Release|x64.Build.0 = Release|Any CPU
		{67892107-31C5-4EBC-9DF4-3B7619EBDC0C}.Debug|Any CPU.ActiveCfg = Debug|Any CPU
		{67892107-31C5-4EBC-9DF4-3B7619EBDC0C}.Debug|Any CPU.Build.0 = Debug|Any CPU
		{67892107-31C5-4EBC-9DF4-3B7619EBDC0C}.Debug|x64.ActiveCfg = Debug|Any CPU
		{67892107-31C5-4EBC-9DF4-3B7619EBDC0C}.Debug|x64.Build.0 = Debug|Any CPU
		{67892107-31C5-4EBC-9DF4-3B7619EBDC0C}.Release|Any CPU.ActiveCfg = Release|Any CPU
		{67892107-31C5-4EBC-9DF4-3B7619EBDC0C}.Release|Any CPU.Build.0 = Release|Any CPU
		{67892107-31C5-4EBC-9DF4-3B7619EBDC0C}.Release|x64.ActiveCfg = Release|Any CPU
		{67892107-31C5-4EBC-9DF4-3B7619EBDC0C}.Release|x64.Build.0 = Release|Any CPU
		{82099550-4FC3-4F5A-BA12-4D78A04EC170}.Debug|Any CPU.ActiveCfg = Debug|Any CPU
		{82099550-4FC3-4F5A-BA12-4D78A04EC170}.Debug|Any CPU.Build.0 = Debug|Any CPU
		{82099550-4FC3-4F5A-BA12-4D78A04EC170}.Debug|x64.ActiveCfg = Debug|Any CPU
		{82099550-4FC3-4F5A-BA12-4D78A04EC170}.Debug|x64.Build.0 = Debug|Any CPU
		{82099550-4FC3-4F5A-BA12-4D78A04EC170}.Release|Any CPU.ActiveCfg = Release|Any CPU
		{82099550-4FC3-4F5A-BA12-4D78A04EC170}.Release|Any CPU.Build.0 = Release|Any CPU
		{82099550-4FC3-4F5A-BA12-4D78A04EC170}.Release|x64.ActiveCfg = Release|Any CPU
		{82099550-4FC3-4F5A-BA12-4D78A04EC170}.Release|x64.Build.0 = Release|Any CPU
		{20D39034-5596-49B5-8F1A-8C644505D32E}.Debug|Any CPU.ActiveCfg = Debug|Any CPU
		{20D39034-5596-49B5-8F1A-8C644505D32E}.Debug|Any CPU.Build.0 = Debug|Any CPU
		{20D39034-5596-49B5-8F1A-8C644505D32E}.Debug|x64.ActiveCfg = Debug|Any CPU
		{20D39034-5596-49B5-8F1A-8C644505D32E}.Debug|x64.Build.0 = Debug|Any CPU
		{20D39034-5596-49B5-8F1A-8C644505D32E}.Release|Any CPU.ActiveCfg = Release|Any CPU
		{20D39034-5596-49B5-8F1A-8C644505D32E}.Release|Any CPU.Build.0 = Release|Any CPU
		{20D39034-5596-49B5-8F1A-8C644505D32E}.Release|x64.ActiveCfg = Release|Any CPU
		{20D39034-5596-49B5-8F1A-8C644505D32E}.Release|x64.Build.0 = Release|Any CPU
	EndGlobalSection
	GlobalSection(SolutionProperties) = preSolution
		HideSolutionNode = FALSE
	EndGlobalSection
	GlobalSection(NestedProjects) = preSolution
		{076F3A17-9860-466D-8F6E-42C60FB40868} = {4D0DFB67-95DB-4327-85D7-553D002EE28A}
		{EEF1967F-3CB1-4582-A51E-19F3FB3CE082} = {4AE04384-B80E-4D12-99EF-E759FF8D862C}
		{8F62A4F6-12A9-474A-8FCC-7406914D61F4} = {F245E407-5E9D-427E-98C8-D79116882421}
		{9AD2B9E9-6673-429B-9529-DE1DC3C908DD} = {02EA681E-C7D8-13C7-8484-4AC65E1B71E8}
		{83545248-93D3-46F0-84E2-29CE0EFE5392} = {02EA681E-C7D8-13C7-8484-4AC65E1B71E8}
		{F80138C1-13C4-4AA6-8A87-D3B4D8C19E5C} = {F245E407-5E9D-427E-98C8-D79116882421}
		{B5B1A5B5-8E6B-4D41-829E-D03869B3E5B3} = {4D0DFB67-95DB-4327-85D7-553D002EE28A}
		{05010C48-E981-4D7A-A880-D47D34671326} = {4D0DFB67-95DB-4327-85D7-553D002EE28A}
		{02EA681E-C7D8-13C7-8484-4AC65E1B71E8} = {4D0DFB67-95DB-4327-85D7-553D002EE28A}
		{5AB20F70-E8D0-420F-9F03-C55D1E1B7E9B} = {4D0DFB67-95DB-4327-85D7-553D002EE28A}
		{67892107-31C5-4EBC-9DF4-3B7619EBDC0C} = {4AE04384-B80E-4D12-99EF-E759FF8D862C}
		{82099550-4FC3-4F5A-BA12-4D78A04EC170} = {F245E407-5E9D-427E-98C8-D79116882421}
		{20D39034-5596-49B5-8F1A-8C644505D32E} = {F245E407-5E9D-427E-98C8-D79116882421}
	EndGlobalSection
	GlobalSection(ExtensibilityGlobals) = postSolution
		SolutionGuid = {CD6E471F-4A6F-4A21-B585-03A6938818EB}
	EndGlobalSection
EndGlobal
